
Microsoft Visual Studio Solution File, Format Version 12.00
# Visual Studio Version 16
VisualStudioVersion = 16.0.30517.126
MinimumVisualStudioVersion = 10.0.40219.1
Project("{2150E333-8FDC-42A3-9474-1A3956D46DE8}") = "Common", "Common", "{D79F645B-99B7-4FBD-90AE-C85D5D791387}"
EndProject
Project("{2150E333-8FDC-42A3-9474-1A3956D46DE8}") = "Services", "Services", "{51580FE5-E8B1-47B6-BD65-13D438A60903}"
EndProject
Project("{2150E333-8FDC-42A3-9474-1A3956D46DE8}") = "UI", "UI", "{A5D2DE20-95F6-4938-BC55-0EBC4524F55E}"
EndProject
Project("{9A19103F-16F7-4668-BE54-9A1E7A4F7556}") = "WebApplication1.Domain", "Common\WebApplication1.Domain\WebApplication1.Domain.csproj", "{4D8D24B2-5080-4DDA-B6FA-FCB8B283151B}"
EndProject
Project("{9A19103F-16F7-4668-BE54-9A1E7A4F7556}") = "WebApplication1.Dal", "Services\WebApplication1.Dal\WebApplication1.Dal.csproj", "{219C7A04-86AE-499D-9678-523A96341D68}"
EndProject
Project("{9A19103F-16F7-4668-BE54-9A1E7A4F7556}") = "WebApplication1.Dal.Sqlite", "Services\WebApplication1.Dal.Sqlite\WebApplication1.Dal.Sqlite.csproj", "{78C9621C-5BB2-4E42-968F-6E70C6FE0959}"
EndProject
Project("{9A19103F-16F7-4668-BE54-9A1E7A4F7556}") = "WebApplication1", "UI\WebApplication1\WebApplication1.csproj", "{9C2B5732-B7FE-4F7F-8413-8E7551C8A35B}"
EndProject
Project("{9A19103F-16F7-4668-BE54-9A1E7A4F7556}") = "WebApplication1.Interfaces", "Services\WebApplication1.Interfaces\WebApplication1.Interfaces.csproj", "{58880D71-2180-4278-AA17-053DC0B03571}"
EndProject
Project("{9A19103F-16F7-4668-BE54-9A1E7A4F7556}") = "WebApplication1.Services", "Services\WebApplication1.Services\WebApplication1.Services.csproj", "{88CF901B-6C06-4B62-A23F-3D9CF1AE5925}"
EndProject
Project("{9A19103F-16F7-4668-BE54-9A1E7A4F7556}") = "WebApplication1.WebAPI", "Services\WebApplication1.WebAPI\WebApplication1.WebAPI.csproj", "{103F128C-5A9D-4D3F-8C97-7C5F331636C0}"
EndProject
Project("{9A19103F-16F7-4668-BE54-9A1E7A4F7556}") = "WebApplication1.WebAPI.Clients", "Services\WebApplication1.WebAPI.Clients\WebApplication1.WebAPI.Clients.csproj", "{E740815C-3B6E-4397-9D58-61912E29D3B1}"
EndProject
Project("{9A19103F-16F7-4668-BE54-9A1E7A4F7556}") = "ConsoleApp1", "UI\ConsoleApp1\ConsoleApp1.csproj", "{55841CA5-0EF5-46F0-AAFF-0AA685143254}"
EndProject
Project("{9A19103F-16F7-4668-BE54-9A1E7A4F7556}") = "ClientApp", "UI\ClientApp\ClientApp.csproj", "{377F8DE2-C330-49DB-9648-CC9EA7CE6061}"
EndProject
Project("{9A19103F-16F7-4668-BE54-9A1E7A4F7556}") = "WebApplication1.Logger", "Common\WebApplication1.Logger\WebApplication1.Logger.csproj", "{9CEF0AA3-41B7-4A9B-B613-42EA4B419A1B}"
EndProject
Project("{2150E333-8FDC-42A3-9474-1A3956D46DE8}") = "Tests", "Tests", "{8E5D480A-5121-4DBA-8E6F-ED57CA2E0679}"
EndProject
Project("{9A19103F-16F7-4668-BE54-9A1E7A4F7556}") = "WebApplication1.Tests", "Tests\WebApplication1.Tests\WebApplication1.Tests.csproj", "{90372936-158C-42DF-830C-E018E7E18BCF}"
EndProject
Project("{FAE04EC0-301F-11D3-BF4B-00C04F79EFBC}") = "WebApplication1.Services.Tests", "Tests\WebApplication1.Services.Tests\WebApplication1.Services.Tests.csproj", "{F3079069-2AFA-457B-917B-8CA0E4E18BBF}"
EndProject
Global
	GlobalSection(SolutionConfigurationPlatforms) = preSolution
		Debug|Any CPU = Debug|Any CPU
		Release|Any CPU = Release|Any CPU
	EndGlobalSection
	GlobalSection(ProjectConfigurationPlatforms) = postSolution
		{4D8D24B2-5080-4DDA-B6FA-FCB8B283151B}.Debug|Any CPU.ActiveCfg = Debug|Any CPU
		{4D8D24B2-5080-4DDA-B6FA-FCB8B283151B}.Debug|Any CPU.Build.0 = Debug|Any CPU
		{4D8D24B2-5080-4DDA-B6FA-FCB8B283151B}.Release|Any CPU.ActiveCfg = Release|Any CPU
		{4D8D24B2-5080-4DDA-B6FA-FCB8B283151B}.Release|Any CPU.Build.0 = Release|Any CPU
		{219C7A04-86AE-499D-9678-523A96341D68}.Debug|Any CPU.ActiveCfg = Debug|Any CPU
		{219C7A04-86AE-499D-9678-523A96341D68}.Debug|Any CPU.Build.0 = Debug|Any CPU
		{219C7A04-86AE-499D-9678-523A96341D68}.Release|Any CPU.ActiveCfg = Release|Any CPU
		{219C7A04-86AE-499D-9678-523A96341D68}.Release|Any CPU.Build.0 = Release|Any CPU
		{78C9621C-5BB2-4E42-968F-6E70C6FE0959}.Debug|Any CPU.ActiveCfg = Debug|Any CPU
		{78C9621C-5BB2-4E42-968F-6E70C6FE0959}.Debug|Any CPU.Build.0 = Debug|Any CPU
		{78C9621C-5BB2-4E42-968F-6E70C6FE0959}.Release|Any CPU.ActiveCfg = Release|Any CPU
		{78C9621C-5BB2-4E42-968F-6E70C6FE0959}.Release|Any CPU.Build.0 = Release|Any CPU
		{9C2B5732-B7FE-4F7F-8413-8E7551C8A35B}.Debug|Any CPU.ActiveCfg = Debug|Any CPU
		{9C2B5732-B7FE-4F7F-8413-8E7551C8A35B}.Debug|Any CPU.Build.0 = Debug|Any CPU
		{9C2B5732-B7FE-4F7F-8413-8E7551C8A35B}.Release|Any CPU.ActiveCfg = Release|Any CPU
		{9C2B5732-B7FE-4F7F-8413-8E7551C8A35B}.Release|Any CPU.Build.0 = Release|Any CPU
		{58880D71-2180-4278-AA17-053DC0B03571}.Debug|Any CPU.ActiveCfg = Debug|Any CPU
		{58880D71-2180-4278-AA17-053DC0B03571}.Debug|Any CPU.Build.0 = Debug|Any CPU
		{58880D71-2180-4278-AA17-053DC0B03571}.Release|Any CPU.ActiveCfg = Release|Any CPU
		{58880D71-2180-4278-AA17-053DC0B03571}.Release|Any CPU.Build.0 = Release|Any CPU
		{88CF901B-6C06-4B62-A23F-3D9CF1AE5925}.Debug|Any CPU.ActiveCfg = Debug|Any CPU
		{88CF901B-6C06-4B62-A23F-3D9CF1AE5925}.Debug|Any CPU.Build.0 = Debug|Any CPU
		{88CF901B-6C06-4B62-A23F-3D9CF1AE5925}.Release|Any CPU.ActiveCfg = Release|Any CPU
		{88CF901B-6C06-4B62-A23F-3D9CF1AE5925}.Release|Any CPU.Build.0 = Release|Any CPU
		{103F128C-5A9D-4D3F-8C97-7C5F331636C0}.Debug|Any CPU.ActiveCfg = Debug|Any CPU
		{103F128C-5A9D-4D3F-8C97-7C5F331636C0}.Debug|Any CPU.Build.0 = Debug|Any CPU
		{103F128C-5A9D-4D3F-8C97-7C5F331636C0}.Release|Any CPU.ActiveCfg = Release|Any CPU
		{103F128C-5A9D-4D3F-8C97-7C5F331636C0}.Release|Any CPU.Build.0 = Release|Any CPU
		{E740815C-3B6E-4397-9D58-61912E29D3B1}.Debug|Any CPU.ActiveCfg = Debug|Any CPU
		{E740815C-3B6E-4397-9D58-61912E29D3B1}.Debug|Any CPU.Build.0 = Debug|Any CPU
		{E740815C-3B6E-4397-9D58-61912E29D3B1}.Release|Any CPU.ActiveCfg = Release|Any CPU
		{E740815C-3B6E-4397-9D58-61912E29D3B1}.Release|Any CPU.Build.0 = Release|Any CPU
		{55841CA5-0EF5-46F0-AAFF-0AA685143254}.Debug|Any CPU.ActiveCfg = Debug|Any CPU
		{55841CA5-0EF5-46F0-AAFF-0AA685143254}.Debug|Any CPU.Build.0 = Debug|Any CPU
		{55841CA5-0EF5-46F0-AAFF-0AA685143254}.Release|Any CPU.ActiveCfg = Release|Any CPU
		{55841CA5-0EF5-46F0-AAFF-0AA685143254}.Release|Any CPU.Build.0 = Release|Any CPU
		{377F8DE2-C330-49DB-9648-CC9EA7CE6061}.Debug|Any CPU.ActiveCfg = Debug|Any CPU
		{377F8DE2-C330-49DB-9648-CC9EA7CE6061}.Debug|Any CPU.Build.0 = Debug|Any CPU
		{377F8DE2-C330-49DB-9648-CC9EA7CE6061}.Release|Any CPU.ActiveCfg = Release|Any CPU
		{377F8DE2-C330-49DB-9648-CC9EA7CE6061}.Release|Any CPU.Build.0 = Release|Any CPU
		{9CEF0AA3-41B7-4A9B-B613-42EA4B419A1B}.Debug|Any CPU.ActiveCfg = Debug|Any CPU
		{9CEF0AA3-41B7-4A9B-B613-42EA4B419A1B}.Debug|Any CPU.Build.0 = Debug|Any CPU
		{9CEF0AA3-41B7-4A9B-B613-42EA4B419A1B}.Release|Any CPU.ActiveCfg = Release|Any CPU
		{9CEF0AA3-41B7-4A9B-B613-42EA4B419A1B}.Release|Any CPU.Build.0 = Release|Any CPU
		{90372936-158C-42DF-830C-E018E7E18BCF}.Debug|Any CPU.ActiveCfg = Debug|Any CPU
		{90372936-158C-42DF-830C-E018E7E18BCF}.Debug|Any CPU.Build.0 = Debug|Any CPU
		{90372936-158C-42DF-830C-E018E7E18BCF}.Release|Any CPU.ActiveCfg = Release|Any CPU
		{90372936-158C-42DF-830C-E018E7E18BCF}.Release|Any CPU.Build.0 = Release|Any CPU
		{F3079069-2AFA-457B-917B-8CA0E4E18BBF}.Debug|Any CPU.ActiveCfg = Debug|Any CPU
		{F3079069-2AFA-457B-917B-8CA0E4E18BBF}.Debug|Any CPU.Build.0 = Debug|Any CPU
		{F3079069-2AFA-457B-917B-8CA0E4E18BBF}.Release|Any CPU.ActiveCfg = Release|Any CPU
		{F3079069-2AFA-457B-917B-8CA0E4E18BBF}.Release|Any CPU.Build.0 = Release|Any CPU
	EndGlobalSection
	GlobalSection(SolutionProperties) = preSolution
		HideSolutionNode = FALSE
	EndGlobalSection
	GlobalSection(NestedProjects) = preSolution
		{4D8D24B2-5080-4DDA-B6FA-FCB8B283151B} = {D79F645B-99B7-4FBD-90AE-C85D5D791387}
		{219C7A04-86AE-499D-9678-523A96341D68} = {51580FE5-E8B1-47B6-BD65-13D438A60903}
		{78C9621C-5BB2-4E42-968F-6E70C6FE0959} = {51580FE5-E8B1-47B6-BD65-13D438A60903}
		{9C2B5732-B7FE-4F7F-8413-8E7551C8A35B} = {A5D2DE20-95F6-4938-BC55-0EBC4524F55E}
		{58880D71-2180-4278-AA17-053DC0B03571} = {51580FE5-E8B1-47B6-BD65-13D438A60903}
		{88CF901B-6C06-4B62-A23F-3D9CF1AE5925} = {51580FE5-E8B1-47B6-BD65-13D438A60903}
		{103F128C-5A9D-4D3F-8C97-7C5F331636C0} = {51580FE5-E8B1-47B6-BD65-13D438A60903}
		{E740815C-3B6E-4397-9D58-61912E29D3B1} = {51580FE5-E8B1-47B6-BD65-13D438A60903}
		{55841CA5-0EF5-46F0-AAFF-0AA685143254} = {A5D2DE20-95F6-4938-BC55-0EBC4524F55E}
		{377F8DE2-C330-49DB-9648-CC9EA7CE6061} = {A5D2DE20-95F6-4938-BC55-0EBC4524F55E}
		{9CEF0AA3-41B7-4A9B-B613-42EA4B419A1B} = {D79F645B-99B7-4FBD-90AE-C85D5D791387}
		{90372936-158C-42DF-830C-E018E7E18BCF} = {8E5D480A-5121-4DBA-8E6F-ED57CA2E0679}
		{F3079069-2AFA-457B-917B-8CA0E4E18BBF} = {8E5D480A-5121-4DBA-8E6F-ED57CA2E0679}
	EndGlobalSection
	GlobalSection(ExtensibilityGlobals) = postSolution
		SolutionGuid = {743F6A0D-DCFF-4570-A0C6-B3B75DB72627}
	EndGlobalSection
EndGlobal
