
Microsoft Visual Studio Solution File, Format Version 12.00
# Visual Studio Version 16
VisualStudioVersion = 16.0.30517.126
MinimumVisualStudioVersion = 10.0.40219.1
Project("{9A19103F-16F7-4668-BE54-9A1E7A4F7556}") = "WpfApp1", "WpfApp1\WpfApp1.csproj", "{428F4FF8-3BB5-4AA6-8B6A-1BC092186817}"
EndProject
Project("{9A19103F-16F7-4668-BE54-9A1E7A4F7556}") = "ConsoleApp1", "ConsoleApp1\ConsoleApp1.csproj", "{34144D0E-E282-4D33-B03B-0394B6C87B3A}"
EndProject
Project("{FAE04EC0-301F-11D3-BF4B-00C04F79EFBC}") = "WpfApp2", "WpfApp2\WpfApp2.csproj", "{623232FB-C4F0-4BC9-A86E-03768A9FA5AF}"
EndProject
Global
	GlobalSection(SolutionConfigurationPlatforms) = preSolution
		Debug|Any CPU = Debug|Any CPU
		Release|Any CPU = Release|Any CPU
	EndGlobalSection
	GlobalSection(ProjectConfigurationPlatforms) = postSolution
		{428F4FF8-3BB5-4AA6-8B6A-1BC092186817}.Debug|Any CPU.ActiveCfg = Debug|Any CPU
		{428F4FF8-3BB5-4AA6-8B6A-1BC092186817}.Debug|Any CPU.Build.0 = Debug|Any CPU
		{428F4FF8-3BB5-4AA6-8B6A-1BC092186817}.Release|Any CPU.ActiveCfg = Release|Any CPU
		{428F4FF8-3BB5-4AA6-8B6A-1BC092186817}.Release|Any CPU.Build.0 = Release|Any CPU
		{34144D0E-E282-4D33-B03B-0394B6C87B3A}.Debug|Any CPU.ActiveCfg = Debug|Any CPU
		{34144D0E-E282-4D33-B03B-0394B6C87B3A}.Debug|Any CPU.Build.0 = Debug|Any CPU
		{34144D0E-E282-4D33-B03B-0394B6C87B3A}.Release|Any CPU.ActiveCfg = Release|Any CPU
		{34144D0E-E282-4D33-B03B-0394B6C87B3A}.Release|Any CPU.Build.0 = Release|Any CPU
		{623232FB-C4F0-4BC9-A86E-03768A9FA5AF}.Debug|Any CPU.ActiveCfg = Debug|Any CPU
		{623232FB-C4F0-4BC9-A86E-03768A9FA5AF}.Debug|Any CPU.Build.0 = Debug|Any CPU
		{623232FB-C4F0-4BC9-A86E-03768A9FA5AF}.Release|Any CPU.ActiveCfg = Release|Any CPU
		{623232FB-C4F0-4BC9-A86E-03768A9FA5AF}.Release|Any CPU.Build.0 = Release|Any CPU
	EndGlobalSection
	GlobalSection(SolutionProperties) = preSolution
		HideSolutionNode = FALSE
	EndGlobalSection
	GlobalSection(ExtensibilityGlobals) = postSolution
		SolutionGuid = {743F6A0D-DCFF-4570-A0C6-B3B75DB72627}
	EndGlobalSection
EndGlobal
